
Microsoft Visual Studio Solution File, Format Version 12.00
# Visual Studio 2012
Project("{FAE04EC0-301F-11D3-BF4B-00C04F79EFBC}") = "CarApp", "CarApp\CarApp.csproj", "{960EF06F-8989-4177-BF80-82A74C5A4FAC}"
EndProject
Global
	GlobalSection(SolutionConfigurationPlatforms) = preSolution
		Debug|Any CPU = Debug|Any CPU
		Release|Any CPU = Release|Any CPU
	EndGlobalSection
	GlobalSection(ProjectConfigurationPlatforms) = postSolution
		{960EF06F-8989-4177-BF80-82A74C5A4FAC}.Debug|Any CPU.ActiveCfg = Debug|Any CPU
		{960EF06F-8989-4177-BF80-82A74C5A4FAC}.Debug|Any CPU.Build.0 = Debug|Any CPU
		{960EF06F-8989-4177-BF80-82A74C5A4FAC}.Release|Any CPU.ActiveCfg = Release|Any CPU
		{960EF06F-8989-4177-BF80-82A74C5A4FAC}.Release|Any CPU.Build.0 = Release|Any CPU
	EndGlobalSection
	GlobalSection(SolutionProperties) = preSolution
		HideSolutionNode = FALSE
	EndGlobalSection
EndGlobal
